// !$*UTF8*$!
{
	archiveVersion = 1;
	classes = {
	};
	objectVersion = 77;
	objects = {

/* Begin PBXBuildFile section */
		1DF8AB5A306B91BC006F73FA /* AppDelegate.swift in Sources */ = {isa = PBXBuildFile; fileRef = 1DF8AB59306B91BC006F73FA /* AppDelegate.swift */; };
		1DF8AB5E306B91BC006F73FA /* Main.html in Resources */ = {isa = PBXBuildFile; fileRef = 1DF8AB5C306B91BC006F73FA /* Main.html */; };
		1DF8AB60306B91BC006F73FA /* Icon.png in Resources */ = {isa = PBXBuildFile; fileRef = 1DF8AB5F306B91BC006F73FA /* Icon.png */; };
		1DF8AB62306B91BC006F73FA /* Style.css in Resources */ = {isa = PBXBuildFile; fileRef = 1DF8AB61306B91BC006F73FA /* Style.css */; };
		1DF8AB64306B91BC006F73FA /* Script.js in Resources */ = {isa = PBXBuildFile; fileRef = 1DF8AB63306B91BC006F73FA /* Script.js */; };
		1DF8AB66306B91BC006F73FA /* ViewController.swift in Sources */ = {isa = PBXBuildFile; fileRef = 1DF8AB65306B91BC006F73FA /* ViewController.swift */; };
		1DF8AB69306B91BC006F73FA /* Main.storyboard in Resources */ = {isa = PBXBuildFile; fileRef = 1DF8AB67306B91BC006F73FA /* Main.storyboard */; };
		1DF8AB6B306B91BC006F73FA /* Assets.xcassets in Resources */ = {isa = PBXBuildFile; fileRef = 1DF8AB6A306B91BC006F73FA /* Assets.xcassets */; };
		1DF8AB72306B91BD006F73FA /* Claude Token Counter Extension.appex in Embed Foundation Extensions */ = {isa = PBXBuildFile; fileRef = 1DF8AB71306B91BD006F73FA /* Claude Token Counter Extension.appex */; settings = {ATTRIBUTES = (RemoveHeadersOnCopy, ); }; };
		1DF8AB77306B91BD006F73FA /* SafariWebExtensionHandler.swift in Sources */ = {isa = PBXBuildFile; fileRef = 1DF8AB76306B91BD006F73FA /* SafariWebExtensionHandler.swift */; };
		1DF8AB88306B91BD006F73FA /* content.css in Resources */ = {isa = PBXBuildFile; fileRef = 1DF8AB83306B91BD006F73FA /* content.css */; };
		1DF8AB89306B91BD006F73FA /* baseline.js in Resources */ = {isa = PBXBuildFile; fileRef = 1DF8AB84306B91BD006F73FA /* baseline.js */; };
		1DF8AB8A306B91BD006F73FA /* icons in Resources */ = {isa = PBXBuildFile; fileRef = 1DF8AB85306B91BD006F73FA /* icons */; };
		1DF8AB8B306B91BD006F73FA /* manifest.json in Resources */ = {isa = PBXBuildFile; fileRef = 1DF8AB86306B91BD006F73FA /* manifest.json */; };
		1DF8AB8C306B91BD006F73FA /* content.js in Resources */ = {isa = PBXBuildFile; fileRef = 1DF8AB87306B91BD006F73FA /* content.js */; };
/* End PBXBuildFile section */

/* Begin PBXContainerItemProxy section */
		1DF8AB73306B91BD006F73FA /* PBXContainerItemProxy */ = {
			isa = PBXContainerItemProxy;
			containerPortal = 1DF8AB4E306B91BC006F73FA /* Project object */;
			proxyType = 1;
			remoteGlobalIDString = 1DF8AB70306B91BD006F73FA;
			remoteInfo = "Claude Token Counter Extension";
		};
/* End PBXContainerItemProxy section */

/* Begin PBXCopyFilesBuildPhase section */
		1DF8AB7E306B91BD006F73FA /* Embed Foundation Extensions */ = {
			isa = PBXCopyFilesBuildPhase;
			buildActionMask = 2147483647;
			dstPath = "";
			dstSubfolderSpec = 13;
			files = (
				1DF8AB72306B91BD006F73FA /* Claude Token Counter Extension.appex in Embed Foundation Extensions */,
			);
			name = "Embed Foundation Extensions";
			runOnlyForDeploymentPostprocessing = 0;
		};
/* End PBXCopyFilesBuildPhase section */

/* Begin PBXFileReference section */
		1DF8AB56306B91BC006F73FA /* Claude Token Counter.app */ = {isa = PBXFileReference; explicitFileType = wrapper.application; includeInIndex = 0; path = "Claude Token Counter.app"; sourceTree = BUILT_PRODUCTS_DIR; };
		1DF8AB59306B91BC006F73FA /* AppDelegate.swift */ = {isa = PBXFileReference; lastKnownFileType = sourcecode.swift; path = AppDelegate.swift; sourceTree = "<group>"; };
		1DF8AB5D306B91BC006F73FA /* Base */ = {isa = PBXFileReference; lastKnownFileType = text.html; name = Base; path = Base.lproj/Main.html; sourceTree = "<group>"; };
		1DF8AB5F306B91BC006F73FA /* Icon.png */ = {isa = PBXFileReference; lastKnownFileType = image.png; path = Icon.png; sourceTree = "<group>"; };
		1DF8AB61306B91BC006F73FA /* Style.css */ = {isa = PBXFileReference; lastKnownFileType = text.css; path = Style.css; sourceTree = "<group>"; };
		1DF8AB63306B91BC006F73FA /* Script.js */ = {isa = PBXFileReference; lastKnownFileType = sourcecode.javascript; path = Script.js; sourceTree = "<group>"; };
		1DF8AB65306B91BC006F73FA /* ViewController.swift */ = {isa = PBXFileReference; lastKnownFileType = sourcecode.swift; path = ViewController.swift; sourceTree = "<group>"; };
		1DF8AB68306B91BC006F73FA /* Base */ = {isa = PBXFileReference; lastKnownFileType = file.storyboard; name = Base; path = Base.lproj/Main.storyboard; sourceTree = "<group>"; };
		1DF8AB6A306B91BC006F73FA /* Assets.xcassets */ = {isa = PBXFileReference; lastKnownFileType = folder.assetcatalog; path = Assets.xcassets; sourceTree = "<group>"; };
		1DF8AB6C306B91BC006F73FA /* Info.plist */ = {isa = PBXFileReference; lastKnownFileType = text.plist.xml; path = Info.plist; sourceTree = "<group>"; };
		1DF8AB71306B91BD006F73FA /* Claude Token Counter Extension.appex */ = {isa = PBXFileReference; explicitFileType = "wrapper.app-extension"; includeInIndex = 0; path = "Claude Token Counter Extension.appex"; sourceTree = BUILT_PRODUCTS_DIR; };
		1DF8AB76306B91BD006F73FA /* SafariWebExtensionHandler.swift */ = {isa = PBXFileReference; lastKnownFileType = sourcecode.swift; path = SafariWebExtensionHandler.swift; sourceTree = "<group>"; };
		1DF8AB78306B91BD006F73FA /* Info.plist */ = {isa = PBXFileReference; lastKnownFileType = text.plist.xml; path = Info.plist; sourceTree = "<group>"; };
		1DF8AB83306B91BD006F73FA /* content.css */ = {isa = PBXFileReference; lastKnownFileType = text.css; name = content.css; path = ../../../extension/content.css; sourceTree = "<group>"; };
		1DF8AB84306B91BD006F73FA /* baseline.js */ = {isa = PBXFileReference; lastKnownFileType = sourcecode.javascript; name = baseline.js; path = ../../../extension/baseline.js; sourceTree = "<group>"; };
		1DF8AB85306B91BD006F73FA /* icons */ = {isa = PBXFileReference; lastKnownFileType = folder; name = icons; path = ../../../extension/icons; sourceTree = "<group>"; };
		1DF8AB86306B91BD006F73FA /* manifest.json */ = {isa = PBXFileReference; lastKnownFileType = text.json; name = manifest.json; path = ../../../extension/manifest.json; sourceTree = "<group>"; };
		1DF8AB87306B91BD006F73FA /* content.js */ = {isa = PBXFileReference; lastKnownFileType = sourcecode.javascript; name = content.js; path = ../../../extension/content.js; sourceTree = "<group>"; };
/* End PBXFileReference section */

/* Begin PBXFrameworksBuildPhase section */
		1DF8AB53306B91BC006F73FA /* Frameworks */ = {
			isa = PBXFrameworksBuildPhase;
			buildActionMask = 2147483647;
			files = (
			);
			runOnlyForDeploymentPostprocessing = 0;
		};
		1DF8AB6E306B91BD006F73FA /* Frameworks */ = {
			isa = PBXFrameworksBuildPhase;
			buildActionMask = 2147483647;
			files = (
			);
			runOnlyForDeploymentPostprocessing = 0;
		};
/* End PBXFrameworksBuildPhase section */

/* Begin PBXGroup section */
		1DF8AB4D306B91BC006F73FA = {
			isa = PBXGroup;
			children = (
				1DF8AB58306B91BC006F73FA /* Claude Token Counter */,
				1DF8AB75306B91BD006F73FA /* Claude Token Counter Extension */,
				1DF8AB57306B91BC006F73FA /* Products */,
			);
			sourceTree = "<group>";
		};
		1DF8AB57306B91BC006F73FA /* Products */ = {
			isa = PBXGroup;
			children = (
				1DF8AB56306B91BC006F73FA /* Claude Token Counter.app */,
				1DF8AB71306B91BD006F73FA /* Claude Token Counter Extension.appex */,
			);
			name = Products;
			sourceTree = "<group>";
		};
		1DF8AB58306B91BC006F73FA /* Claude Token Counter */ = {
			isa = PBXGroup;
			children = (
				1DF8AB59306B91BC006F73FA /* AppDelegate.swift */,
				1DF8AB65306B91BC006F73FA /* ViewController.swift */,
				1DF8AB67306B91BC006F73FA /* Main.storyboard */,
				1DF8AB6A306B91BC006F73FA /* Assets.xcassets */,
				1DF8AB6C306B91BC006F73FA /* Info.plist */,
				1DF8AB5B306B91BC006F73FA /* Resources */,
			);
			path = "Claude Token Counter";
			sourceTree = "<group>";
		};
		1DF8AB5B306B91BC006F73FA /* Resources */ = {
			isa = PBXGroup;
			children = (
				1DF8AB5C306B91BC006F73FA /* Main.html */,
				1DF8AB5F306B91BC006F73FA /* Icon.png */,
				1DF8AB61306B91BC006F73FA /* Style.css */,
				1DF8AB63306B91BC006F73FA /* Script.js */,
			);
			path = Resources;
			sourceTree = "<group>";
		};
		1DF8AB75306B91BD006F73FA /* Claude Token Counter Extension */ = {
			isa = PBXGroup;
			children = (
				1DF8AB82306B91BD006F73FA /* Resources */,
				1DF8AB76306B91BD006F73FA /* SafariWebExtensionHandler.swift */,
				1DF8AB78306B91BD006F73FA /* Info.plist */,
			);
			path = "Claude Token Counter Extension";
			sourceTree = "<group>";
		};
		1DF8AB82306B91BD006F73FA /* Resources */ = {
			isa = PBXGroup;
			children = (
				1DF8AB83306B91BD006F73FA /* content.css */,
				1DF8AB84306B91BD006F73FA /* baseline.js */,
				1DF8AB85306B91BD006F73FA /* icons */,
				1DF8AB86306B91BD006F73FA /* manifest.json */,
				1DF8AB87306B91BD006F73FA /* content.js */,
			);
			name = Resources;
			path = "Claude Token Counter Extension";
			sourceTree = SOURCE_ROOT;
		};
/* End PBXGroup section */

/* Begin PBXNativeTarget section */
		1DF8AB55306B91BC006F73FA /* Claude Token Counter */ = {
			isa = PBXNativeTarget;
			buildConfigurationList = 1DF8AB7F306B91BD006F73FA /* Build configuration list for PBXNativeTarget "Claude Token Counter" */;
			buildPhases = (
				1DF8AB52306B91BC006F73FA /* Sources */,
				1DF8AB53306B91BC006F73FA /* Frameworks */,
				1DF8AB54306B91BC006F73FA /* Resources */,
				1DF8AB7E306B91BD006F73FA /* Embed Foundation Extensions */,
			);
			buildRules = (
			);
			dependencies = (
				1DF8AB74306B91BD006F73FA /* PBXTargetDependency */,
			);
			name = "Claude Token Counter";
			packageProductDependencies = (
			);
			productName = "Claude Token Counter";
			productReference = 1DF8AB56306B91BC006F73FA /* Claude Token Counter.app */;
			productType = "com.apple.product-type.application";
		};
		1DF8AB70306B91BD006F73FA /* Claude Token Counter Extension */ = {
			isa = PBXNativeTarget;
			buildConfigurationList = 1DF8AB7B306B91BD006F73FA /* Build configuration list for PBXNativeTarget "Claude Token Counter Extension" */;
			buildPhases = (
				1DF8AB6D306B91BD006F73FA /* Sources */,
				1DF8AB6E306B91BD006F73FA /* Frameworks */,
				1DF8AB6F306B91BD006F73FA /* Resources */,
			);
			buildRules = (
			);
			dependencies = (
			);
			name = "Claude Token Counter Extension";
			packageProductDependencies = (
			);
			productName = "Claude Token Counter Extension";
			productReference = 1DF8AB71306B91BD006F73FA /* Claude Token Counter Extension.appex */;
			productType = "com.apple.product-type.app-extension";
		};
/* End PBXNativeTarget section */

/* Begin PBXProject section */
		1DF8AB4E306B91BC006F73FA /* Project object */ = {
			isa = PBXProject;
			attributes = {
				BuildIndependentTargetsInParallel = 1;
				LastSwiftUpdateCheck = 2660;
				LastUpgradeCheck = 2660;
				TargetAttributes = {
					1DF8AB55306B91BC006F73FA = {
						CreatedOnToolsVersion = 26.6;
					};
					1DF8AB70306B91BD006F73FA = {
						CreatedOnToolsVersion = 26.6;
					};
				};
			};
			buildConfigurationList = 1DF8AB51306B91BC006F73FA /* Build configuration list for PBXProject "Claude Token Counter" */;
			developmentRegion = en;
			hasScannedForEncodings = 0;
			knownRegions = (
				en,
				Base,
			);
			mainGroup = 1DF8AB4D306B91BC006F73FA;
			minimizedProjectReferenceProxies = 1;
			preferredProjectObjectVersion = 77;
			productRefGroup = 1DF8AB57306B91BC006F73FA /* Products */;
			projectDirPath = "";
			projectRoot = "";
			targets = (
				1DF8AB55306B91BC006F73FA /* Claude Token Counter */,
				1DF8AB70306B91BD006F73FA /* Claude Token Counter Extension */,
			);
		};
/* End PBXProject section */

/* Begin PBXResourcesBuildPhase section */
		1DF8AB54306B91BC006F73FA /* Resources */ = {
			isa = PBXResourcesBuildPhase;
			buildActionMask = 2147483647;
			files = (
				1DF8AB60306B91BC006F73FA /* Icon.png in Resources */,
				1DF8AB69306B91BC006F73FA /* Main.storyboard in Resources */,
				1DF8AB64306B91BC006F73FA /* Script.js in Resources */,
				1DF8AB5E306B91BC006F73FA /* Main.html in Resources */,
				1DF8AB6B306B91BC006F73FA /* Assets.xcassets in Resources */,
				1DF8AB62306B91BC006F73FA /* Style.css in Resources */,
			);
			runOnlyForDeploymentPostprocessing = 0;
		};
		1DF8AB6F306B91BD006F73FA /* Resources */ = {
			isa = PBXResourcesBuildPhase;
			buildActionMask = 2147483647;
			files = (
				1DF8AB8B306B91BD006F73FA /* manifest.json in Resources */,
				1DF8AB8A306B91BD006F73FA /* icons in Resources */,
				1DF8AB88306B91BD006F73FA /* content.css in Resources */,
				1DF8AB89306B91BD006F73FA /* baseline.js in Resources */,
				1DF8AB8C306B91BD006F73FA /* content.js in Resources */,
			);
			runOnlyForDeploymentPostprocessing = 0;
		};
/* End PBXResourcesBuildPhase section */

/* Begin PBXSourcesBuildPhase section */
		1DF8AB52306B91BC006F73FA /* Sources */ = {
			isa = PBXSourcesBuildPhase;
			buildActionMask = 2147483647;
			files = (
				1DF8AB66306B91BC006F73FA /* ViewController.swift in Sources */,
				1DF8AB5A306B91BC006F73FA /* AppDelegate.swift in Sources */,
			);
			runOnlyForDeploymentPostprocessing = 0;
		};
		1DF8AB6D306B91BD006F73FA /* Sources */ = {
			isa = PBXSourcesBuildPhase;
			buildActionMask = 2147483647;
			files = (
				1DF8AB77306B91BD006F73FA /* SafariWebExtensionHandler.swift in Sources */,
			);
			runOnlyForDeploymentPostprocessing = 0;
		};
/* End PBXSourcesBuildPhase section */

/* Begin PBXTargetDependency section */
		1DF8AB74306B91BD006F73FA /* PBXTargetDependency */ = {
			isa = PBXTargetDependency;
			target = 1DF8AB70306B91BD006F73FA /* Claude Token Counter Extension */;
			targetProxy = 1DF8AB73306B91BD006F73FA /* PBXContainerItemProxy */;
		};
/* End PBXTargetDependency section */

/* Begin PBXVariantGroup section */
		1DF8AB5C306B91BC006F73FA /* Main.html */ = {
			isa = PBXVariantGroup;
			children = (
				1DF8AB5D306B91BC006F73FA /* Base */,
			);
			name = Main.html;
			sourceTree = "<group>";
		};
		1DF8AB67306B91BC006F73FA /* Main.storyboard */ = {
			isa = PBXVariantGroup;
			children = (
				1DF8AB68306B91BC006F73FA /* Base */,
			);
			name = Main.storyboard;
			sourceTree = "<group>";
		};
/* End PBXVariantGroup section */

/* Begin XCBuildConfiguration section */
		1DF8AB79306B91BD006F73FA /* Debug */ = {
			isa = XCBuildConfiguration;
			buildSettings = {
				ALWAYS_SEARCH_USER_PATHS = NO;
				ASSETCATALOG_COMPILER_GENERATE_SWIFT_ASSET_SYMBOL_EXTENSIONS = YES;
				CLANG_ANALYZER_NONNULL = YES;
				CLANG_ANALYZER_NUMBER_OBJECT_CONVERSION = YES_AGGRESSIVE;
				CLANG_CXX_LANGUAGE_STANDARD = "gnu++20";
				CLANG_ENABLE_MODULES = YES;
				CLANG_ENABLE_OBJC_ARC = YES;
				CLANG_ENABLE_OBJC_WEAK = YES;
				CLANG_WARN_BLOCK_CAPTURE_AUTORELEASING = YES;
				CLANG_WARN_BOOL_CONVERSION = YES;
				CLANG_WARN_COMMA = YES;
				CLANG_WARN_CONSTANT_CONVERSION = YES;
				CLANG_WARN_DEPRECATED_OBJC_IMPLEMENTATIONS = YES;
				CLANG_WARN_DIRECT_OBJC_ISA_USAGE = YES_ERROR;
				CLANG_WARN_DOCUMENTATION_COMMENTS = YES;
				CLANG_WARN_EMPTY_BODY = YES;
				CLANG_WARN_ENUM_CONVERSION = YES;
				CLANG_WARN_INFINITE_RECURSION = YES;
				CLANG_WARN_INT_CONVERSION = YES;
				CLANG_WARN_NON_LITERAL_NULL_CONVERSION = YES;
				CLANG_WARN_OBJC_IMPLICIT_RETAIN_SELF = YES;
				CLANG_WARN_OBJC_LITERAL_CONVERSION = YES;
				CLANG_WARN_OBJC_ROOT_CLASS = YES_ERROR;
				CLANG_WARN_QUOTED_INCLUDE_IN_FRAMEWORK_HEADER = YES;
				CLANG_WARN_RANGE_LOOP_ANALYSIS = YES;
				CLANG_WARN_STRICT_PROTOTYPES = YES;
				CLANG_WARN_SUSPICIOUS_MOVE = YES;
				CLANG_WARN_UNGUARDED_AVAILABILITY = YES_AGGRESSIVE;
				CLANG_WARN_UNREACHABLE_CODE = YES;
				CLANG_WARN__DUPLICATE_METHOD_MATCH = YES;
				COPY_PHASE_STRIP = NO;
				DEBUG_INFORMATION_FORMAT = dwarf;
				ENABLE_STRICT_OBJC_MSGSEND = YES;
				ENABLE_TESTABILITY = YES;
				ENABLE_USER_SCRIPT_SANDBOXING = YES;
				GCC_C_LANGUAGE_STANDARD = gnu17;
				GCC_DYNAMIC_NO_PIC = NO;
				GCC_NO_COMMON_BLOCKS = YES;
				GCC_OPTIMIZATION_LEVEL = 0;
				GCC_PREPROCESSOR_DEFINITIONS = (
					"DEBUG=1",
					"$(inherited)",
				);
				GCC_WARN_64_TO_32_BIT_CONVERSION = YES;
				GCC_WARN_ABOUT_RETURN_TYPE = YES_ERROR;
				GCC_WARN_UNDECLARED_SELECTOR = YES;
				GCC_WARN_UNINITIALIZED_AUTOS = YES_AGGRESSIVE;
				GCC_WARN_UNUSED_FUNCTION = YES;
				GCC_WARN_UNUSED_VARIABLE = YES;
				LOCALIZATION_PREFERS_STRING_CATALOGS = YES;
				MACOSX_DEPLOYMENT_TARGET = 26.5;
				MTL_ENABLE_DEBUG_INFO = INCLUDE_SOURCE;
				MTL_FAST_MATH = YES;
				ONLY_ACTIVE_ARCH = YES;
				SDKROOT = macosx;
				SWIFT_ACTIVE_COMPILATION_CONDITIONS = "DEBUG $(inherited)";
				SWIFT_OPTIMIZATION_LEVEL = "-Onone";
			};
			name = Debug;
		};
		1DF8AB7A306B91BD006F73FA /* Release */ = {
			isa = XCBuildConfiguration;
			buildSettings = {
				ALWAYS_SEARCH_USER_PATHS = NO;
				ASSETCATALOG_COMPILER_GENERATE_SWIFT_ASSET_SYMBOL_EXTENSIONS = YES;
				CLANG_ANALYZER_NONNULL = YES;
				CLANG_ANALYZER_NUMBER_OBJECT_CONVERSION = YES_AGGRESSIVE;
				CLANG_CXX_LANGUAGE_STANDARD = "gnu++20";
				CLANG_ENABLE_MODULES = YES;
				CLANG_ENABLE_OBJC_ARC = YES;
				CLANG_ENABLE_OBJC_WEAK = YES;
				CLANG_WARN_BLOCK_CAPTURE_AUTORELEASING = YES;
				CLANG_WARN_BOOL_CONVERSION = YES;
				CLANG_WARN_COMMA = YES;
				CLANG_WARN_CONSTANT_CONVERSION = YES;
				CLANG_WARN_DEPRECATED_OBJC_IMPLEMENTATIONS = YES;
				CLANG_WARN_DIRECT_OBJC_ISA_USAGE = YES_ERROR;
				CLANG_WARN_DOCUMENTATION_COMMENTS = YES;
				CLANG_WARN_EMPTY_BODY = YES;
				CLANG_WARN_ENUM_CONVERSION = YES;
				CLANG_WARN_INFINITE_RECURSION = YES;
				CLANG_WARN_INT_CONVERSION = YES;
				CLANG_WARN_NON_LITERAL_NULL_CONVERSION = YES;
				CLANG_WARN_OBJC_IMPLICIT_RETAIN_SELF = YES;
				CLANG_WARN_OBJC_LITERAL_CONVERSION = YES;
				CLANG_WARN_OBJC_ROOT_CLASS = YES_ERROR;
				CLANG_WARN_QUOTED_INCLUDE_IN_FRAMEWORK_HEADER = YES;
				CLANG_WARN_RANGE_LOOP_ANALYSIS = YES;
				CLANG_WARN_STRICT_PROTOTYPES = YES;
				CLANG_WARN_SUSPICIOUS_MOVE = YES;
				CLANG_WARN_UNGUARDED_AVAILABILITY = YES_AGGRESSIVE;
				CLANG_WARN_UNREACHABLE_CODE = YES;
				CLANG_WARN__DUPLICATE_METHOD_MATCH = YES;
				COPY_PHASE_STRIP = NO;
				DEBUG_INFORMATION_FORMAT = "dwarf-with-dsym";
				ENABLE_NS_ASSERTIONS = NO;
				ENABLE_STRICT_OBJC_MSGSEND = YES;
				ENABLE_USER_SCRIPT_SANDBOXING = YES;
				GCC_C_LANGUAGE_STANDARD = gnu17;
				GCC_NO_COMMON_BLOCKS = YES;
				GCC_WARN_64_TO_32_BIT_CONVERSION = YES;
				GCC_WARN_ABOUT_RETURN_TYPE = YES_ERROR;
				GCC_WARN_UNDECLARED_SELECTOR = YES;
				GCC_WARN_UNINITIALIZED_AUTOS = YES_AGGRESSIVE;
				GCC_WARN_UNUSED_FUNCTION = YES;
				GCC_WARN_UNUSED_VARIABLE = YES;
				LOCALIZATION_PREFERS_STRING_CATALOGS = YES;
				MACOSX_DEPLOYMENT_TARGET = 26.5;
				MTL_ENABLE_DEBUG_INFO = NO;
				MTL_FAST_MATH = YES;
				SDKROOT = macosx;
				SWIFT_COMPILATION_MODE = wholemodule;
			};
			name = Release;
		};
		1DF8AB7C306B91BD006F73FA /* Debug */ = {
			isa = XCBuildConfiguration;
			buildSettings = {
				CODE_SIGN_STYLE = Automatic;
				CURRENT_PROJECT_VERSION = 1;
				ENABLE_APP_SANDBOX = YES;
				ENABLE_HARDENED_RUNTIME = YES;
				ENABLE_USER_SELECTED_FILES = readonly;
				GENERATE_INFOPLIST_FILE = YES;
				INFOPLIST_FILE = "Claude Token Counter Extension/Info.plist";
				INFOPLIST_KEY_CFBundleDisplayName = "Claude Token Counter Extension";
				INFOPLIST_KEY_NSHumanReadableCopyright = "";
				LD_RUNPATH_SEARCH_PATHS = (
					"$(inherited)",
					"@executable_path/../Frameworks",
					"@executable_path/../../../../Frameworks",
				);
				MACOSX_DEPLOYMENT_TARGET = 10.14;
				MARKETING_VERSION = 1.0;
				OTHER_LDFLAGS = (
					"-framework",
					SafariServices,
				);
				PRODUCT_BUNDLE_IDENTIFIER = com.irems.claudetokensayaci.Extension;
				PRODUCT_NAME = "$(TARGET_NAME)";
				SKIP_INSTALL = YES;
				STRING_CATALOG_GENERATE_SYMBOLS = YES;
				SWIFT_APPROACHABLE_CONCURRENCY = YES;
				SWIFT_EMIT_LOC_STRINGS = YES;
				SWIFT_UPCOMING_FEATURE_MEMBER_IMPORT_VISIBILITY = YES;
				SWIFT_VERSION = 5.0;
			};
			name = Debug;
		};
		1DF8AB7D306B91BD006F73FA /* Release */ = {
			isa = XCBuildConfiguration;
			buildSettings = {
				CODE_SIGN_STYLE = Automatic;
				CURRENT_PROJECT_VERSION = 1;
				ENABLE_APP_SANDBOX = YES;
				ENABLE_HARDENED_RUNTIME = YES;
				ENABLE_USER_SELECTED_FILES = readonly;
				GENERATE_INFOPLIST_FILE = YES;
				INFOPLIST_FILE = "Claude Token Counter Extension/Info.plist";
				INFOPLIST_KEY_CFBundleDisplayName = "Claude Token Counter Extension";
				INFOPLIST_KEY_NSHumanReadableCopyright = "";
				LD_RUNPATH_SEARCH_PATHS = (
					"$(inherited)",
					"@executable_path/../Frameworks",
					"@executable_path/../../../../Frameworks",
				);
				MACOSX_DEPLOYMENT_TARGET = 10.14;
				MARKETING_VERSION = 1.0;
				OTHER_LDFLAGS = (
					"-framework",
					SafariServices,
				);
				PRODUCT_BUNDLE_IDENTIFIER = com.irems.claudetokensayaci.Extension;
				PRODUCT_NAME = "$(TARGET_NAME)";
				SKIP_INSTALL = YES;
				STRING_CATALOG_GENERATE_SYMBOLS = YES;
				SWIFT_APPROACHABLE_CONCURRENCY = YES;
				SWIFT_EMIT_LOC_STRINGS = YES;
				SWIFT_UPCOMING_FEATURE_MEMBER_IMPORT_VISIBILITY = YES;
				SWIFT_VERSION = 5.0;
			};
			name = Release;
		};
		1DF8AB80306B91BD006F73FA /* Debug */ = {
			isa = XCBuildConfiguration;
			buildSettings = {
				ASSETCATALOG_COMPILER_APPICON_NAME = AppIcon;
				ASSETCATALOG_COMPILER_GLOBAL_ACCENT_COLOR_NAME = AccentColor;
				CODE_SIGN_STYLE = Automatic;
				COMBINE_HIDPI_IMAGES = YES;
				CURRENT_PROJECT_VERSION = 1;
				ENABLE_APP_SANDBOX = YES;
				ENABLE_HARDENED_RUNTIME = YES;
				ENABLE_OUTGOING_NETWORK_CONNECTIONS = YES;
				ENABLE_USER_SELECTED_FILES = readonly;
				GENERATE_INFOPLIST_FILE = YES;
				INFOPLIST_FILE = "Claude Token Counter/Info.plist";
				INFOPLIST_KEY_CFBundleDisplayName = "Claude Token Counter";
				INFOPLIST_KEY_NSHumanReadableCopyright = "";
				INFOPLIST_KEY_NSMainStoryboardFile = Main;
				INFOPLIST_KEY_NSPrincipalClass = NSApplication;
				LD_RUNPATH_SEARCH_PATHS = (
					"$(inherited)",
					"@executable_path/../Frameworks",
				);
				MARKETING_VERSION = 1.0;
				OTHER_LDFLAGS = (
					"-framework",
					SafariServices,
					"-framework",
					WebKit,
				);
				PRODUCT_BUNDLE_IDENTIFIER = com.irems.claudetokensayaci;
				PRODUCT_NAME = "$(TARGET_NAME)";
				REGISTER_APP_GROUPS = YES;
				STRING_CATALOG_GENERATE_SYMBOLS = YES;
				SWIFT_APPROACHABLE_CONCURRENCY = YES;
				SWIFT_DEFAULT_ACTOR_ISOLATION = MainActor;
				SWIFT_EMIT_LOC_STRINGS = YES;
				SWIFT_UPCOMING_FEATURE_MEMBER_IMPORT_VISIBILITY = YES;
				SWIFT_VERSION = 5.0;
			};
			name = Debug;
		};
		1DF8AB81306B91BD006F73FA /* Release */ = {
			isa = XCBuildConfiguration;
			buildSettings = {
				ASSETCATALOG_COMPILER_APPICON_NAME = AppIcon;
				ASSETCATALOG_COMPILER_GLOBAL_ACCENT_COLOR_NAME = AccentColor;
				CODE_SIGN_STYLE = Automatic;
				COMBINE_HIDPI_IMAGES = YES;
				CURRENT_PROJECT_VERSION = 1;
				ENABLE_APP_SANDBOX = YES;
				ENABLE_HARDENED_RUNTIME = YES;
				ENABLE_OUTGOING_NETWORK_CONNECTIONS = YES;
				ENABLE_USER_SELECTED_FILES = readonly;
				GENERATE_INFOPLIST_FILE = YES;
				INFOPLIST_FILE = "Claude Token Counter/Info.plist";
				INFOPLIST_KEY_CFBundleDisplayName = "Claude Token Counter";
				INFOPLIST_KEY_NSHumanReadableCopyright = "";
				INFOPLIST_KEY_NSMainStoryboardFile = Main;
				INFOPLIST_KEY_NSPrincipalClass = NSApplication;
				LD_RUNPATH_SEARCH_PATHS = (
					"$(inherited)",
					"@executable_path/../Frameworks",
				);
				MARKETING_VERSION = 1.0;
				OTHER_LDFLAGS = (
					"-framework",
					SafariServices,
					"-framework",
					WebKit,
				);
				PRODUCT_BUNDLE_IDENTIFIER = com.irems.claudetokensayaci;
				PRODUCT_NAME = "$(TARGET_NAME)";
				REGISTER_APP_GROUPS = YES;
				STRING_CATALOG_GENERATE_SYMBOLS = YES;
				SWIFT_APPROACHABLE_CONCURRENCY = YES;
				SWIFT_DEFAULT_ACTOR_ISOLATION = MainActor;
				SWIFT_EMIT_LOC_STRINGS = YES;
				SWIFT_UPCOMING_FEATURE_MEMBER_IMPORT_VISIBILITY = YES;
				SWIFT_VERSION = 5.0;
			};
			name = Release;
		};
/* End XCBuildConfiguration section */

/* Begin XCConfigurationList section */
		1DF8AB51306B91BC006F73FA /* Build configuration list for PBXProject "Claude Token Counter" */ = {
			isa = XCConfigurationList;
			buildConfigurations = (
				1DF8AB79306B91BD006F73FA /* Debug */,
				1DF8AB7A306B91BD006F73FA /* Release */,
			);
			defaultConfigurationIsVisible = 0;
			defaultConfigurationName = Release;
		};
		1DF8AB7B306B91BD006F73FA /* Build configuration list for PBXNativeTarget "Claude Token Counter Extension" */ = {
			isa = XCConfigurationList;
			buildConfigurations = (
				1DF8AB7C306B91BD006F73FA /* Debug */,
				1DF8AB7D306B91BD006F73FA /* Release */,
			);
			defaultConfigurationIsVisible = 0;
			defaultConfigurationName = Release;
		};
		1DF8AB7F306B91BD006F73FA /* Build configuration list for PBXNativeTarget "Claude Token Counter" */ = {
			isa = XCConfigurationList;
			buildConfigurations = (
				1DF8AB80306B91BD006F73FA /* Debug */,
				1DF8AB81306B91BD006F73FA /* Release */,
			);
			defaultConfigurationIsVisible = 0;
			defaultConfigurationName = Release;
		};
/* End XCConfigurationList section */
	};
	rootObject = 1DF8AB4E306B91BC006F73FA /* Project object */;
}
