// !$*UTF8*$!
{
	archiveVersion = 1;
	classes = {
	};
	objectVersion = 77;
	objects = {

/* Begin PBXBuildFile section */
		1DDA5D20306AA5BA00925943 /* AppDelegate.swift in Sources */ = {isa = PBXBuildFile; fileRef = 1DDA5D1F306AA5BA00925943 /* AppDelegate.swift */; };
		1DDA5D24306AA5BA00925943 /* Main.html in Resources */ = {isa = PBXBuildFile; fileRef = 1DDA5D22306AA5BA00925943 /* Main.html */; };
		1DDA5D26306AA5BA00925943 /* Icon.png in Resources */ = {isa = PBXBuildFile; fileRef = 1DDA5D25306AA5BA00925943 /* Icon.png */; };
		1DDA5D28306AA5BA00925943 /* Style.css in Resources */ = {isa = PBXBuildFile; fileRef = 1DDA5D27306AA5BA00925943 /* Style.css */; };
		1DDA5D2A306AA5BA00925943 /* Script.js in Resources */ = {isa = PBXBuildFile; fileRef = 1DDA5D29306AA5BA00925943 /* Script.js */; };
		1DDA5D2C306AA5BA00925943 /* ViewController.swift in Sources */ = {isa = PBXBuildFile; fileRef = 1DDA5D2B306AA5BA00925943 /* ViewController.swift */; };
		1DDA5D2F306AA5BA00925943 /* Main.storyboard in Resources */ = {isa = PBXBuildFile; fileRef = 1DDA5D2D306AA5BA00925943 /* Main.storyboard */; };
		1DDA5D31306AA5BA00925943 /* Assets.xcassets in Resources */ = {isa = PBXBuildFile; fileRef = 1DDA5D30306AA5BA00925943 /* Assets.xcassets */; };
		1DDA5D38306AA5BA00925943 /* Claude Token Sayaci Extension.appex in Embed Foundation Extensions */ = {isa = PBXBuildFile; fileRef = 1DDA5D37306AA5BA00925943 /* Claude Token Sayaci Extension.appex */; settings = {ATTRIBUTES = (RemoveHeadersOnCopy, ); }; };
		1DDA5D3D306AA5BA00925943 /* SafariWebExtensionHandler.swift in Sources */ = {isa = PBXBuildFile; fileRef = 1DDA5D3C306AA5BA00925943 /* SafariWebExtensionHandler.swift */; };
		1DDA5D4E306AA5BA00925943 /* content.css in Resources */ = {isa = PBXBuildFile; fileRef = 1DDA5D49306AA5BA00925943 /* content.css */; };
		1DDA5D4F306AA5BA00925943 /* baseline.js in Resources */ = {isa = PBXBuildFile; fileRef = 1DDA5D4A306AA5BA00925943 /* baseline.js */; };
		1DDA5D50306AA5BA00925943 /* icons in Resources */ = {isa = PBXBuildFile; fileRef = 1DDA5D4B306AA5BA00925943 /* icons */; };
		1DDA5D51306AA5BA00925943 /* manifest.json in Resources */ = {isa = PBXBuildFile; fileRef = 1DDA5D4C306AA5BA00925943 /* manifest.json */; };
		1DDA5D52306AA5BA00925943 /* content.js in Resources */ = {isa = PBXBuildFile; fileRef = 1DDA5D4D306AA5BA00925943 /* content.js */; };
/* End PBXBuildFile section */

/* Begin PBXContainerItemProxy section */
		1DDA5D39306AA5BA00925943 /* PBXContainerItemProxy */ = {
			isa = PBXContainerItemProxy;
			containerPortal = 1DDA5D14306AA5BA00925943 /* Project object */;
			proxyType = 1;
			remoteGlobalIDString = 1DDA5D36306AA5BA00925943;
			remoteInfo = "Claude Token Sayaci Extension";
		};
/* End PBXContainerItemProxy section */

/* Begin PBXCopyFilesBuildPhase section */
		1DDA5D44306AA5BA00925943 /* Embed Foundation Extensions */ = {
			isa = PBXCopyFilesBuildPhase;
			buildActionMask = 2147483647;
			dstPath = "";
			dstSubfolderSpec = 13;
			files = (
				1DDA5D38306AA5BA00925943 /* Claude Token Sayaci Extension.appex in Embed Foundation Extensions */,
			);
			name = "Embed Foundation Extensions";
			runOnlyForDeploymentPostprocessing = 0;
		};
/* End PBXCopyFilesBuildPhase section */

/* Begin PBXFileReference section */
		1DDA5D1C306AA5BA00925943 /* Claude Token Sayaci.app */ = {isa = PBXFileReference; explicitFileType = wrapper.application; includeInIndex = 0; path = "Claude Token Sayaci.app"; sourceTree = BUILT_PRODUCTS_DIR; };
		1DDA5D1F306AA5BA00925943 /* AppDelegate.swift */ = {isa = PBXFileReference; lastKnownFileType = sourcecode.swift; path = AppDelegate.swift; sourceTree = "<group>"; };
		1DDA5D23306AA5BA00925943 /* Base */ = {isa = PBXFileReference; lastKnownFileType = text.html; name = Base; path = Base.lproj/Main.html; sourceTree = "<group>"; };
		1DDA5D25306AA5BA00925943 /* Icon.png */ = {isa = PBXFileReference; lastKnownFileType = image.png; path = Icon.png; sourceTree = "<group>"; };
		1DDA5D27306AA5BA00925943 /* Style.css */ = {isa = PBXFileReference; lastKnownFileType = text.css; path = Style.css; sourceTree = "<group>"; };
		1DDA5D29306AA5BA00925943 /* Script.js */ = {isa = PBXFileReference; lastKnownFileType = sourcecode.javascript; path = Script.js; sourceTree = "<group>"; };
		1DDA5D2B306AA5BA00925943 /* ViewController.swift */ = {isa = PBXFileReference; lastKnownFileType = sourcecode.swift; path = ViewController.swift; sourceTree = "<group>"; };
		1DDA5D2E306AA5BA00925943 /* Base */ = {isa = PBXFileReference; lastKnownFileType = file.storyboard; name = Base; path = Base.lproj/Main.storyboard; sourceTree = "<group>"; };
		1DDA5D30306AA5BA00925943 /* Assets.xcassets */ = {isa = PBXFileReference; lastKnownFileType = folder.assetcatalog; path = Assets.xcassets; sourceTree = "<group>"; };
		1DDA5D32306AA5BA00925943 /* Info.plist */ = {isa = PBXFileReference; lastKnownFileType = text.plist.xml; path = Info.plist; sourceTree = "<group>"; };
		1DDA5D37306AA5BA00925943 /* Claude Token Sayaci Extension.appex */ = {isa = PBXFileReference; explicitFileType = "wrapper.app-extension"; includeInIndex = 0; path = "Claude Token Sayaci Extension.appex"; sourceTree = BUILT_PRODUCTS_DIR; };
		1DDA5D3C306AA5BA00925943 /* SafariWebExtensionHandler.swift */ = {isa = PBXFileReference; lastKnownFileType = sourcecode.swift; path = SafariWebExtensionHandler.swift; sourceTree = "<group>"; };
		1DDA5D3E306AA5BA00925943 /* Info.plist */ = {isa = PBXFileReference; lastKnownFileType = text.plist.xml; path = Info.plist; sourceTree = "<group>"; };
		1DDA5D49306AA5BA00925943 /* content.css */ = {isa = PBXFileReference; lastKnownFileType = text.css; name = content.css; path = ../../../extension/content.css; sourceTree = "<group>"; };
		1DDA5D4A306AA5BA00925943 /* baseline.js */ = {isa = PBXFileReference; lastKnownFileType = sourcecode.javascript; name = baseline.js; path = ../../../extension/baseline.js; sourceTree = "<group>"; };
		1DDA5D4B306AA5BA00925943 /* icons */ = {isa = PBXFileReference; lastKnownFileType = folder; name = icons; path = ../../../extension/icons; sourceTree = "<group>"; };
		1DDA5D4C306AA5BA00925943 /* manifest.json */ = {isa = PBXFileReference; lastKnownFileType = text.json; name = manifest.json; path = ../../../extension/manifest.json; sourceTree = "<group>"; };
		1DDA5D4D306AA5BA00925943 /* content.js */ = {isa = PBXFileReference; lastKnownFileType = sourcecode.javascript; name = content.js; path = ../../../extension/content.js; sourceTree = "<group>"; };
/* End PBXFileReference section */

/* Begin PBXFrameworksBuildPhase section */
		1DDA5D19306AA5BA00925943 /* Frameworks */ = {
			isa = PBXFrameworksBuildPhase;
			buildActionMask = 2147483647;
			files = (
			);
			runOnlyForDeploymentPostprocessing = 0;
		};
		1DDA5D34306AA5BA00925943 /* Frameworks */ = {
			isa = PBXFrameworksBuildPhase;
			buildActionMask = 2147483647;
			files = (
			);
			runOnlyForDeploymentPostprocessing = 0;
		};
/* End PBXFrameworksBuildPhase section */

/* Begin PBXGroup section */
		1DDA5D13306AA5BA00925943 = {
			isa = PBXGroup;
			children = (
				1DDA5D1E306AA5BA00925943 /* Claude Token Sayaci */,
				1DDA5D3B306AA5BA00925943 /* Claude Token Sayaci Extension */,
				1DDA5D1D306AA5BA00925943 /* Products */,
			);
			sourceTree = "<group>";
		};
		1DDA5D1D306AA5BA00925943 /* Products */ = {
			isa = PBXGroup;
			children = (
				1DDA5D1C306AA5BA00925943 /* Claude Token Sayaci.app */,
				1DDA5D37306AA5BA00925943 /* Claude Token Sayaci Extension.appex */,
			);
			name = Products;
			sourceTree = "<group>";
		};
		1DDA5D1E306AA5BA00925943 /* Claude Token Sayaci */ = {
			isa = PBXGroup;
			children = (
				1DDA5D1F306AA5BA00925943 /* AppDelegate.swift */,
				1DDA5D2B306AA5BA00925943 /* ViewController.swift */,
				1DDA5D2D306AA5BA00925943 /* Main.storyboard */,
				1DDA5D30306AA5BA00925943 /* Assets.xcassets */,
				1DDA5D32306AA5BA00925943 /* Info.plist */,
				1DDA5D21306AA5BA00925943 /* Resources */,
			);
			path = "Claude Token Sayaci";
			sourceTree = "<group>";
		};
		1DDA5D21306AA5BA00925943 /* Resources */ = {
			isa = PBXGroup;
			children = (
				1DDA5D22306AA5BA00925943 /* Main.html */,
				1DDA5D25306AA5BA00925943 /* Icon.png */,
				1DDA5D27306AA5BA00925943 /* Style.css */,
				1DDA5D29306AA5BA00925943 /* Script.js */,
			);
			path = Resources;
			sourceTree = "<group>";
		};
		1DDA5D3B306AA5BA00925943 /* Claude Token Sayaci Extension */ = {
			isa = PBXGroup;
			children = (
				1DDA5D48306AA5BA00925943 /* Resources */,
				1DDA5D3C306AA5BA00925943 /* SafariWebExtensionHandler.swift */,
				1DDA5D3E306AA5BA00925943 /* Info.plist */,
			);
			path = "Claude Token Sayaci Extension";
			sourceTree = "<group>";
		};
		1DDA5D48306AA5BA00925943 /* Resources */ = {
			isa = PBXGroup;
			children = (
				1DDA5D49306AA5BA00925943 /* content.css */,
				1DDA5D4A306AA5BA00925943 /* baseline.js */,
				1DDA5D4B306AA5BA00925943 /* icons */,
				1DDA5D4C306AA5BA00925943 /* manifest.json */,
				1DDA5D4D306AA5BA00925943 /* content.js */,
			);
			name = Resources;
			path = "Claude Token Sayaci Extension";
			sourceTree = SOURCE_ROOT;
		};
/* End PBXGroup section */

/* Begin PBXNativeTarget section */
		1DDA5D1B306AA5BA00925943 /* Claude Token Sayaci */ = {
			isa = PBXNativeTarget;
			buildConfigurationList = 1DDA5D45306AA5BA00925943 /* Build configuration list for PBXNativeTarget "Claude Token Sayaci" */;
			buildPhases = (
				1DDA5D18306AA5BA00925943 /* Sources */,
				1DDA5D19306AA5BA00925943 /* Frameworks */,
				1DDA5D1A306AA5BA00925943 /* Resources */,
				1DDA5D44306AA5BA00925943 /* Embed Foundation Extensions */,
			);
			buildRules = (
			);
			dependencies = (
				1DDA5D3A306AA5BA00925943 /* PBXTargetDependency */,
			);
			name = "Claude Token Sayaci";
			packageProductDependencies = (
			);
			productName = "Claude Token Sayaci";
			productReference = 1DDA5D1C306AA5BA00925943 /* Claude Token Sayaci.app */;
			productType = "com.apple.product-type.application";
		};
		1DDA5D36306AA5BA00925943 /* Claude Token Sayaci Extension */ = {
			isa = PBXNativeTarget;
			buildConfigurationList = 1DDA5D41306AA5BA00925943 /* Build configuration list for PBXNativeTarget "Claude Token Sayaci Extension" */;
			buildPhases = (
				1DDA5D33306AA5BA00925943 /* Sources */,
				1DDA5D34306AA5BA00925943 /* Frameworks */,
				1DDA5D35306AA5BA00925943 /* Resources */,
			);
			buildRules = (
			);
			dependencies = (
			);
			name = "Claude Token Sayaci Extension";
			packageProductDependencies = (
			);
			productName = "Claude Token Sayaci Extension";
			productReference = 1DDA5D37306AA5BA00925943 /* Claude Token Sayaci Extension.appex */;
			productType = "com.apple.product-type.app-extension";
		};
/* End PBXNativeTarget section */

/* Begin PBXProject section */
		1DDA5D14306AA5BA00925943 /* Project object */ = {
			isa = PBXProject;
			attributes = {
				BuildIndependentTargetsInParallel = 1;
				LastSwiftUpdateCheck = 2660;
				LastUpgradeCheck = 2660;
				TargetAttributes = {
					1DDA5D1B306AA5BA00925943 = {
						CreatedOnToolsVersion = 26.6;
					};
					1DDA5D36306AA5BA00925943 = {
						CreatedOnToolsVersion = 26.6;
					};
				};
			};
			buildConfigurationList = 1DDA5D17306AA5BA00925943 /* Build configuration list for PBXProject "Claude Token Sayaci" */;
			developmentRegion = en;
			hasScannedForEncodings = 0;
			knownRegions = (
				en,
				Base,
			);
			mainGroup = 1DDA5D13306AA5BA00925943;
			minimizedProjectReferenceProxies = 1;
			preferredProjectObjectVersion = 77;
			productRefGroup = 1DDA5D1D306AA5BA00925943 /* Products */;
			projectDirPath = "";
			projectRoot = "";
			targets = (
				1DDA5D1B306AA5BA00925943 /* Claude Token Sayaci */,
				1DDA5D36306AA5BA00925943 /* Claude Token Sayaci Extension */,
			);
		};
/* End PBXProject section */

/* Begin PBXResourcesBuildPhase section */
		1DDA5D1A306AA5BA00925943 /* Resources */ = {
			isa = PBXResourcesBuildPhase;
			buildActionMask = 2147483647;
			files = (
				1DDA5D26306AA5BA00925943 /* Icon.png in Resources */,
				1DDA5D2F306AA5BA00925943 /* Main.storyboard in Resources */,
				1DDA5D2A306AA5BA00925943 /* Script.js in Resources */,
				1DDA5D24306AA5BA00925943 /* Main.html in Resources */,
				1DDA5D31306AA5BA00925943 /* Assets.xcassets in Resources */,
				1DDA5D28306AA5BA00925943 /* Style.css in Resources */,
			);
			runOnlyForDeploymentPostprocessing = 0;
		};
		1DDA5D35306AA5BA00925943 /* Resources */ = {
			isa = PBXResourcesBuildPhase;
			buildActionMask = 2147483647;
			files = (
				1DDA5D51306AA5BA00925943 /* manifest.json in Resources */,
				1DDA5D50306AA5BA00925943 /* icons in Resources */,
				1DDA5D4E306AA5BA00925943 /* content.css in Resources */,
				1DDA5D4F306AA5BA00925943 /* baseline.js in Resources */,
				1DDA5D52306AA5BA00925943 /* content.js in Resources */,
			);
			runOnlyForDeploymentPostprocessing = 0;
		};
/* End PBXResourcesBuildPhase section */

/* Begin PBXSourcesBuildPhase section */
		1DDA5D18306AA5BA00925943 /* Sources */ = {
			isa = PBXSourcesBuildPhase;
			buildActionMask = 2147483647;
			files = (
				1DDA5D2C306AA5BA00925943 /* ViewController.swift in Sources */,
				1DDA5D20306AA5BA00925943 /* AppDelegate.swift in Sources */,
			);
			runOnlyForDeploymentPostprocessing = 0;
		};
		1DDA5D33306AA5BA00925943 /* Sources */ = {
			isa = PBXSourcesBuildPhase;
			buildActionMask = 2147483647;
			files = (
				1DDA5D3D306AA5BA00925943 /* SafariWebExtensionHandler.swift in Sources */,
			);
			runOnlyForDeploymentPostprocessing = 0;
		};
/* End PBXSourcesBuildPhase section */

/* Begin PBXTargetDependency section */
		1DDA5D3A306AA5BA00925943 /* PBXTargetDependency */ = {
			isa = PBXTargetDependency;
			target = 1DDA5D36306AA5BA00925943 /* Claude Token Sayaci Extension */;
			targetProxy = 1DDA5D39306AA5BA00925943 /* PBXContainerItemProxy */;
		};
/* End PBXTargetDependency section */

/* Begin PBXVariantGroup section */
		1DDA5D22306AA5BA00925943 /* Main.html */ = {
			isa = PBXVariantGroup;
			children = (
				1DDA5D23306AA5BA00925943 /* Base */,
			);
			name = Main.html;
			sourceTree = "<group>";
		};
		1DDA5D2D306AA5BA00925943 /* Main.storyboard */ = {
			isa = PBXVariantGroup;
			children = (
				1DDA5D2E306AA5BA00925943 /* Base */,
			);
			name = Main.storyboard;
			sourceTree = "<group>";
		};
/* End PBXVariantGroup section */

/* Begin XCBuildConfiguration section */
		1DDA5D3F306AA5BA00925943 /* Debug */ = {
			isa = XCBuildConfiguration;
			buildSettings = {
				ALWAYS_SEARCH_USER_PATHS = NO;
				ASSETCATALOG_COMPILER_GENERATE_SWIFT_ASSET_SYMBOL_EXTENSIONS = YES;
				CLANG_ANALYZER_NONNULL = YES;
				CLANG_ANALYZER_NUMBER_OBJECT_CONVERSION = YES_AGGRESSIVE;
				CLANG_CXX_LANGUAGE_STANDARD = "gnu++20";
				CLANG_ENABLE_MODULES = YES;
				CLANG_ENABLE_OBJC_ARC = YES;
				CLANG_ENABLE_OBJC_WEAK = YES;
				CLANG_WARN_BLOCK_CAPTURE_AUTORELEASING = YES;
				CLANG_WARN_BOOL_CONVERSION = YES;
				CLANG_WARN_COMMA = YES;
				CLANG_WARN_CONSTANT_CONVERSION = YES;
				CLANG_WARN_DEPRECATED_OBJC_IMPLEMENTATIONS = YES;
				CLANG_WARN_DIRECT_OBJC_ISA_USAGE = YES_ERROR;
				CLANG_WARN_DOCUMENTATION_COMMENTS = YES;
				CLANG_WARN_EMPTY_BODY = YES;
				CLANG_WARN_ENUM_CONVERSION = YES;
				CLANG_WARN_INFINITE_RECURSION = YES;
				CLANG_WARN_INT_CONVERSION = YES;
				CLANG_WARN_NON_LITERAL_NULL_CONVERSION = YES;
				CLANG_WARN_OBJC_IMPLICIT_RETAIN_SELF = YES;
				CLANG_WARN_OBJC_LITERAL_CONVERSION = YES;
				CLANG_WARN_OBJC_ROOT_CLASS = YES_ERROR;
				CLANG_WARN_QUOTED_INCLUDE_IN_FRAMEWORK_HEADER = YES;
				CLANG_WARN_RANGE_LOOP_ANALYSIS = YES;
				CLANG_WARN_STRICT_PROTOTYPES = YES;
				CLANG_WARN_SUSPICIOUS_MOVE = YES;
				CLANG_WARN_UNGUARDED_AVAILABILITY = YES_AGGRESSIVE;
				CLANG_WARN_UNREACHABLE_CODE = YES;
				CLANG_WARN__DUPLICATE_METHOD_MATCH = YES;
				COPY_PHASE_STRIP = NO;
				DEBUG_INFORMATION_FORMAT = dwarf;
				ENABLE_STRICT_OBJC_MSGSEND = YES;
				ENABLE_TESTABILITY = YES;
				ENABLE_USER_SCRIPT_SANDBOXING = YES;
				GCC_C_LANGUAGE_STANDARD = gnu17;
				GCC_DYNAMIC_NO_PIC = NO;
				GCC_NO_COMMON_BLOCKS = YES;
				GCC_OPTIMIZATION_LEVEL = 0;
				GCC_PREPROCESSOR_DEFINITIONS = (
					"DEBUG=1",
					"$(inherited)",
				);
				GCC_WARN_64_TO_32_BIT_CONVERSION = YES;
				GCC_WARN_ABOUT_RETURN_TYPE = YES_ERROR;
				GCC_WARN_UNDECLARED_SELECTOR = YES;
				GCC_WARN_UNINITIALIZED_AUTOS = YES_AGGRESSIVE;
				GCC_WARN_UNUSED_FUNCTION = YES;
				GCC_WARN_UNUSED_VARIABLE = YES;
				LOCALIZATION_PREFERS_STRING_CATALOGS = YES;
				MACOSX_DEPLOYMENT_TARGET = 26.5;
				MTL_ENABLE_DEBUG_INFO = INCLUDE_SOURCE;
				MTL_FAST_MATH = YES;
				ONLY_ACTIVE_ARCH = YES;
				SDKROOT = macosx;
				SWIFT_ACTIVE_COMPILATION_CONDITIONS = "DEBUG $(inherited)";
				SWIFT_OPTIMIZATION_LEVEL = "-Onone";
			};
			name = Debug;
		};
		1DDA5D40306AA5BA00925943 /* Release */ = {
			isa = XCBuildConfiguration;
			buildSettings = {
				ALWAYS_SEARCH_USER_PATHS = NO;
				ASSETCATALOG_COMPILER_GENERATE_SWIFT_ASSET_SYMBOL_EXTENSIONS = YES;
				CLANG_ANALYZER_NONNULL = YES;
				CLANG_ANALYZER_NUMBER_OBJECT_CONVERSION = YES_AGGRESSIVE;
				CLANG_CXX_LANGUAGE_STANDARD = "gnu++20";
				CLANG_ENABLE_MODULES = YES;
				CLANG_ENABLE_OBJC_ARC = YES;
				CLANG_ENABLE_OBJC_WEAK = YES;
				CLANG_WARN_BLOCK_CAPTURE_AUTORELEASING = YES;
				CLANG_WARN_BOOL_CONVERSION = YES;
				CLANG_WARN_COMMA = YES;
				CLANG_WARN_CONSTANT_CONVERSION = YES;
				CLANG_WARN_DEPRECATED_OBJC_IMPLEMENTATIONS = YES;
				CLANG_WARN_DIRECT_OBJC_ISA_USAGE = YES_ERROR;
				CLANG_WARN_DOCUMENTATION_COMMENTS = YES;
				CLANG_WARN_EMPTY_BODY = YES;
				CLANG_WARN_ENUM_CONVERSION = YES;
				CLANG_WARN_INFINITE_RECURSION = YES;
				CLANG_WARN_INT_CONVERSION = YES;
				CLANG_WARN_NON_LITERAL_NULL_CONVERSION = YES;
				CLANG_WARN_OBJC_IMPLICIT_RETAIN_SELF = YES;
				CLANG_WARN_OBJC_LITERAL_CONVERSION = YES;
				CLANG_WARN_OBJC_ROOT_CLASS = YES_ERROR;
				CLANG_WARN_QUOTED_INCLUDE_IN_FRAMEWORK_HEADER = YES;
				CLANG_WARN_RANGE_LOOP_ANALYSIS = YES;
				CLANG_WARN_STRICT_PROTOTYPES = YES;
				CLANG_WARN_SUSPICIOUS_MOVE = YES;
				CLANG_WARN_UNGUARDED_AVAILABILITY = YES_AGGRESSIVE;
				CLANG_WARN_UNREACHABLE_CODE = YES;
				CLANG_WARN__DUPLICATE_METHOD_MATCH = YES;
				COPY_PHASE_STRIP = NO;
				DEBUG_INFORMATION_FORMAT = "dwarf-with-dsym";
				ENABLE_NS_ASSERTIONS = NO;
				ENABLE_STRICT_OBJC_MSGSEND = YES;
				ENABLE_USER_SCRIPT_SANDBOXING = YES;
				GCC_C_LANGUAGE_STANDARD = gnu17;
				GCC_NO_COMMON_BLOCKS = YES;
				GCC_WARN_64_TO_32_BIT_CONVERSION = YES;
				GCC_WARN_ABOUT_RETURN_TYPE = YES_ERROR;
				GCC_WARN_UNDECLARED_SELECTOR = YES;
				GCC_WARN_UNINITIALIZED_AUTOS = YES_AGGRESSIVE;
				GCC_WARN_UNUSED_FUNCTION = YES;
				GCC_WARN_UNUSED_VARIABLE = YES;
				LOCALIZATION_PREFERS_STRING_CATALOGS = YES;
				MACOSX_DEPLOYMENT_TARGET = 26.5;
				MTL_ENABLE_DEBUG_INFO = NO;
				MTL_FAST_MATH = YES;
				SDKROOT = macosx;
				SWIFT_COMPILATION_MODE = wholemodule;
			};
			name = Release;
		};
		1DDA5D42306AA5BA00925943 /* Debug */ = {
			isa = XCBuildConfiguration;
			buildSettings = {
				CODE_SIGN_STYLE = Automatic;
				CURRENT_PROJECT_VERSION = 1;
				ENABLE_APP_SANDBOX = YES;
				ENABLE_HARDENED_RUNTIME = YES;
				ENABLE_USER_SELECTED_FILES = readonly;
				GENERATE_INFOPLIST_FILE = YES;
				INFOPLIST_FILE = "Claude Token Sayaci Extension/Info.plist";
				INFOPLIST_KEY_CFBundleDisplayName = "Claude Token Sayaci Extension";
				INFOPLIST_KEY_NSHumanReadableCopyright = "";
				LD_RUNPATH_SEARCH_PATHS = (
					"$(inherited)",
					"@executable_path/../Frameworks",
					"@executable_path/../../../../Frameworks",
				);
				MACOSX_DEPLOYMENT_TARGET = 10.14;
				MARKETING_VERSION = 1.0;
				OTHER_LDFLAGS = (
					"-framework",
					SafariServices,
				);
				PRODUCT_BUNDLE_IDENTIFIER = com.irems.claudetokensayaci.Extension;
				PRODUCT_NAME = "$(TARGET_NAME)";
				SKIP_INSTALL = YES;
				STRING_CATALOG_GENERATE_SYMBOLS = YES;
				SWIFT_APPROACHABLE_CONCURRENCY = YES;
				SWIFT_EMIT_LOC_STRINGS = YES;
				SWIFT_UPCOMING_FEATURE_MEMBER_IMPORT_VISIBILITY = YES;
				SWIFT_VERSION = 5.0;
			};
			name = Debug;
		};
		1DDA5D43306AA5BA00925943 /* Release */ = {
			isa = XCBuildConfiguration;
			buildSettings = {
				CODE_SIGN_STYLE = Automatic;
				CURRENT_PROJECT_VERSION = 1;
				ENABLE_APP_SANDBOX = YES;
				ENABLE_HARDENED_RUNTIME = YES;
				ENABLE_USER_SELECTED_FILES = readonly;
				GENERATE_INFOPLIST_FILE = YES;
				INFOPLIST_FILE = "Claude Token Sayaci Extension/Info.plist";
				INFOPLIST_KEY_CFBundleDisplayName = "Claude Token Sayaci Extension";
				INFOPLIST_KEY_NSHumanReadableCopyright = "";
				LD_RUNPATH_SEARCH_PATHS = (
					"$(inherited)",
					"@executable_path/../Frameworks",
					"@executable_path/../../../../Frameworks",
				);
				MACOSX_DEPLOYMENT_TARGET = 10.14;
				MARKETING_VERSION = 1.0;
				OTHER_LDFLAGS = (
					"-framework",
					SafariServices,
				);
				PRODUCT_BUNDLE_IDENTIFIER = com.irems.claudetokensayaci.Extension;
				PRODUCT_NAME = "$(TARGET_NAME)";
				SKIP_INSTALL = YES;
				STRING_CATALOG_GENERATE_SYMBOLS = YES;
				SWIFT_APPROACHABLE_CONCURRENCY = YES;
				SWIFT_EMIT_LOC_STRINGS = YES;
				SWIFT_UPCOMING_FEATURE_MEMBER_IMPORT_VISIBILITY = YES;
				SWIFT_VERSION = 5.0;
			};
			name = Release;
		};
		1DDA5D46306AA5BA00925943 /* Debug */ = {
			isa = XCBuildConfiguration;
			buildSettings = {
				ASSETCATALOG_COMPILER_APPICON_NAME = AppIcon;
				ASSETCATALOG_COMPILER_GLOBAL_ACCENT_COLOR_NAME = AccentColor;
				CODE_SIGN_STYLE = Automatic;
				COMBINE_HIDPI_IMAGES = YES;
				CURRENT_PROJECT_VERSION = 1;
				ENABLE_APP_SANDBOX = YES;
				ENABLE_HARDENED_RUNTIME = YES;
				ENABLE_OUTGOING_NETWORK_CONNECTIONS = YES;
				ENABLE_USER_SELECTED_FILES = readonly;
				GENERATE_INFOPLIST_FILE = YES;
				INFOPLIST_FILE = "Claude Token Sayaci/Info.plist";
				INFOPLIST_KEY_CFBundleDisplayName = "Claude Token Sayaci";
				INFOPLIST_KEY_NSHumanReadableCopyright = "";
				INFOPLIST_KEY_NSMainStoryboardFile = Main;
				INFOPLIST_KEY_NSPrincipalClass = NSApplication;
				LD_RUNPATH_SEARCH_PATHS = (
					"$(inherited)",
					"@executable_path/../Frameworks",
				);
				MARKETING_VERSION = 1.0;
				OTHER_LDFLAGS = (
					"-framework",
					SafariServices,
					"-framework",
					WebKit,
				);
				PRODUCT_BUNDLE_IDENTIFIER = com.irems.claudetokensayaci;
				PRODUCT_NAME = "$(TARGET_NAME)";
				REGISTER_APP_GROUPS = YES;
				STRING_CATALOG_GENERATE_SYMBOLS = YES;
				SWIFT_APPROACHABLE_CONCURRENCY = YES;
				SWIFT_DEFAULT_ACTOR_ISOLATION = MainActor;
				SWIFT_EMIT_LOC_STRINGS = YES;
				SWIFT_UPCOMING_FEATURE_MEMBER_IMPORT_VISIBILITY = YES;
				SWIFT_VERSION = 5.0;
			};
			name = Debug;
		};
		1DDA5D47306AA5BA00925943 /* Release */ = {
			isa = XCBuildConfiguration;
			buildSettings = {
				ASSETCATALOG_COMPILER_APPICON_NAME = AppIcon;
				ASSETCATALOG_COMPILER_GLOBAL_ACCENT_COLOR_NAME = AccentColor;
				CODE_SIGN_STYLE = Automatic;
				COMBINE_HIDPI_IMAGES = YES;
				CURRENT_PROJECT_VERSION = 1;
				ENABLE_APP_SANDBOX = YES;
				ENABLE_HARDENED_RUNTIME = YES;
				ENABLE_OUTGOING_NETWORK_CONNECTIONS = YES;
				ENABLE_USER_SELECTED_FILES = readonly;
				GENERATE_INFOPLIST_FILE = YES;
				INFOPLIST_FILE = "Claude Token Sayaci/Info.plist";
				INFOPLIST_KEY_CFBundleDisplayName = "Claude Token Sayaci";
				INFOPLIST_KEY_NSHumanReadableCopyright = "";
				INFOPLIST_KEY_NSMainStoryboardFile = Main;
				INFOPLIST_KEY_NSPrincipalClass = NSApplication;
				LD_RUNPATH_SEARCH_PATHS = (
					"$(inherited)",
					"@executable_path/../Frameworks",
				);
				MARKETING_VERSION = 1.0;
				OTHER_LDFLAGS = (
					"-framework",
					SafariServices,
					"-framework",
					WebKit,
				);
				PRODUCT_BUNDLE_IDENTIFIER = com.irems.claudetokensayaci;
				PRODUCT_NAME = "$(TARGET_NAME)";
				REGISTER_APP_GROUPS = YES;
				STRING_CATALOG_GENERATE_SYMBOLS = YES;
				SWIFT_APPROACHABLE_CONCURRENCY = YES;
				SWIFT_DEFAULT_ACTOR_ISOLATION = MainActor;
				SWIFT_EMIT_LOC_STRINGS = YES;
				SWIFT_UPCOMING_FEATURE_MEMBER_IMPORT_VISIBILITY = YES;
				SWIFT_VERSION = 5.0;
			};
			name = Release;
		};
/* End XCBuildConfiguration section */

/* Begin XCConfigurationList section */
		1DDA5D17306AA5BA00925943 /* Build configuration list for PBXProject "Claude Token Sayaci" */ = {
			isa = XCConfigurationList;
			buildConfigurations = (
				1DDA5D3F306AA5BA00925943 /* Debug */,
				1DDA5D40306AA5BA00925943 /* Release */,
			);
			defaultConfigurationIsVisible = 0;
			defaultConfigurationName = Release;
		};
		1DDA5D41306AA5BA00925943 /* Build configuration list for PBXNativeTarget "Claude Token Sayaci Extension" */ = {
			isa = XCConfigurationList;
			buildConfigurations = (
				1DDA5D42306AA5BA00925943 /* Debug */,
				1DDA5D43306AA5BA00925943 /* Release */,
			);
			defaultConfigurationIsVisible = 0;
			defaultConfigurationName = Release;
		};
		1DDA5D45306AA5BA00925943 /* Build configuration list for PBXNativeTarget "Claude Token Sayaci" */ = {
			isa = XCConfigurationList;
			buildConfigurations = (
				1DDA5D46306AA5BA00925943 /* Debug */,
				1DDA5D47306AA5BA00925943 /* Release */,
			);
			defaultConfigurationIsVisible = 0;
			defaultConfigurationName = Release;
		};
/* End XCConfigurationList section */
	};
	rootObject = 1DDA5D14306AA5BA00925943 /* Project object */;
}
